github.com/nandawawank/go-module-say-hello v1.0.0 h1:AXdvTLkZWs0tJTXAL45qzEiYFuGl/Zh/5HsXSjAL108=
github.com/nandawawank/go-module-say-hello v1.0.0/go.mod h1:clmjr5EL1UhUTPQmDnJKjp6F9MTORiqWn3rXc7FinZQ=
github.com/nandawawank/go-module-say-hello v1.5.0 h1:QY3EZML81q/WWM8vStExeZ/kR8uEO+fDqKzhEfytAVA=
github.com/nandawawank/go-module-say-hello v1.5.0/go.mod h1:clmjr5EL1UhUTPQmDnJKjp6F9MTORiqWn3rXc7FinZQ=
github.com/nandawawank/go-module-say-hello/v2 v2.0.0 h1:G6obzERofwPhUkQSjFcQUzLN6FtFW9iY+gvQPwLwh94=
github.com/nandawawank/go-module-say-hello/v2 v2.0.0/go.mod h1:GgfWpmM4Zz3pKWomovNuFtpgAnDHtOh92vZND9X4UzY=
